
Microsoft Visual Studio Solution File, Format Version 12.00
# Visual Studio Version 16
VisualStudioVersion = 16.0.31624.102
MinimumVisualStudioVersion = 10.0.40219.1
Project("{FAE04EC0-301F-11D3-BF4B-00C04F79EFBC}") = "Prueba", "Prueba\Prueba.csproj", "{97CA585B-2678-4A3D-871C-FA83A2D0B173}"
EndProject
Global
	GlobalSection(SolutionConfigurationPlatforms) = preSolution
		Debug|Any CPU = Debug|Any CPU
		Release|Any CPU = Release|Any CPU
	EndGlobalSection
	GlobalSection(ProjectConfigurationPlatforms) = postSolution
		{97CA585B-2678-4A3D-871C-FA83A2D0B173}.Debug|Any CPU.ActiveCfg = Debug|Any CPU
		{97CA585B-2678-4A3D-871C-FA83A2D0B173}.Debug|Any CPU.Build.0 = Debug|Any CPU
		{97CA585B-2678-4A3D-871C-FA83A2D0B173}.Release|Any CPU.ActiveCfg = Release|Any CPU
		{97CA585B-2678-4A3D-871C-FA83A2D0B173}.Release|Any CPU.Build.0 = Release|Any CPU
	EndGlobalSection
	GlobalSection(SolutionProperties) = preSolution
		HideSolutionNode = FALSE
	EndGlobalSection
	GlobalSection(ExtensibilityGlobals) = postSolution
		SolutionGuid = {58C89C7F-CED4-4927-B6A0-63122844AAA6}
	EndGlobalSection
EndGlobal
